// !$*UTF8*$!
{
	archiveVersion = 1;
	classes = {
	};
	objectVersion = 51;
	objects = {

/* Begin PBXBuildFile section */
		121D9D9225FA764200C36658 /* Models.swift in Sources */ = {isa = PBXBuildFile; fileRef = 121D9D9125FA764200C36658 /* Models.swift */; };
		121D9D9525FA772200C36658 /* RemoteLoader.swift in Sources */ = {isa = PBXBuildFile; fileRef = 121D9D9425FA772200C36658 /* RemoteLoader.swift */; };
		122D6F6B26A83C0E00028418 /* ContactsViewController.swift.swift in Sources */ = {isa = PBXBuildFile; fileRef = 122D6F6926A83C0E00028418 /* ContactsViewController.swift.swift */; };
		122D6F6C26A83C0E00028418 /* SettingsViewController.swift.swift in Sources */ = {isa = PBXBuildFile; fileRef = 122D6F6A26A83C0E00028418 /* SettingsViewController.swift.swift */; };
		1248413925FB8A93009DBEB9 /* ClientManager.swift in Sources */ = {isa = PBXBuildFile; fileRef = 1248413825FB8A93009DBEB9 /* ClientManager.swift */; };
		127E728C26A5D0CF00737906 /* HomeViewController.swift in Sources */ = {isa = PBXBuildFile; fileRef = 127E728B26A5D0CF00737906 /* HomeViewController.swift */; };
		127E729026A5D60100737906 /* VTabBarItem.swift in Sources */ = {isa = PBXBuildFile; fileRef = 127E728F26A5D60100737906 /* VTabBarItem.swift */; };
		1297BDDD2601227F00025D12 /* CreateConversationViewController.swift in Sources */ = {isa = PBXBuildFile; fileRef = 1297BDDC2601227F00025D12 /* CreateConversationViewController.swift */; };
		1297BDE0260123AB00025D12 /* ListViewController.swift in Sources */ = {isa = PBXBuildFile; fileRef = 1297BDDF260123AB00025D12 /* ListViewController.swift */; };
		1297BDE426026A4E00025D12 /* ChatViewController.swift in Sources */ = {isa = PBXBuildFile; fileRef = 1297BDE326026A4E00025D12 /* ChatViewController.swift */; };
		12B77902250FA8BE0081D8AF /* AppDelegate.swift in Sources */ = {isa = PBXBuildFile; fileRef = 12B77901250FA8BE0081D8AF /* AppDelegate.swift */; };
		12B77904250FA8BE0081D8AF /* SceneDelegate.swift in Sources */ = {isa = PBXBuildFile; fileRef = 12B77903250FA8BE0081D8AF /* SceneDelegate.swift */; };
		12B77906250FA8BE0081D8AF /* LoginViewController.swift in Sources */ = {isa = PBXBuildFile; fileRef = 12B77905250FA8BE0081D8AF /* LoginViewController.swift */; };
		12B7790B250FA8C10081D8AF /* Assets.xcassets in Resources */ = {isa = PBXBuildFile; fileRef = 12B7790A250FA8C10081D8AF /* Assets.xcassets */; };
		12B7790E250FA8C10081D8AF /* LaunchScreen.storyboard in Resources */ = {isa = PBXBuildFile; fileRef = 12B7790C250FA8C10081D8AF /* LaunchScreen.storyboard */; };
		12D2385625FFE409004D1FC6 /* Extensions.swift in Sources */ = {isa = PBXBuildFile; fileRef = 12D2385525FFE409004D1FC6 /* Extensions.swift */; };
		12D2385925FFE42A004D1FC6 /* SpinnerView.swift in Sources */ = {isa = PBXBuildFile; fileRef = 12D2385825FFE42A004D1FC6 /* SpinnerView.swift */; };
		12D238602600E6BD004D1FC6 /* VTextField.swift in Sources */ = {isa = PBXBuildFile; fileRef = 12D2385F2600E6BD004D1FC6 /* VTextField.swift */; };
		12D2386E2600F371004D1FC6 /* ConversationListViewController.swift in Sources */ = {isa = PBXBuildFile; fileRef = 12D2386D2600F371004D1FC6 /* ConversationListViewController.swift */; };
		12FABB3425FFBF9F00B61567 /* SignupViewController.swift in Sources */ = {isa = PBXBuildFile; fileRef = 12FABB3325FFBF9F00B61567 /* SignupViewController.swift */; };
		801DA66827ABF3D56EA9B62A /* Pods_TheApp.framework in Frameworks */ = {isa = PBXBuildFile; fileRef = EA80DEE4ED3F73D8F1D8F54E /* Pods_TheApp.framework */; };
/* End PBXBuildFile section */

/* Begin PBXFileReference section */
		121D9D9125FA764200C36658 /* Models.swift */ = {isa = PBXFileReference; lastKnownFileType = sourcecode.swift; path = Models.swift; sourceTree = "<group>"; };
		121D9D9425FA772200C36658 /* RemoteLoader.swift */ = {isa = PBXFileReference; lastKnownFileType = sourcecode.swift; path = RemoteLoader.swift; sourceTree = "<group>"; };
		122D6F6926A83C0E00028418 /* ContactsViewController.swift.swift */ = {isa = PBXFileReference; fileEncoding = 4; lastKnownFileType = sourcecode.swift; path = ContactsViewController.swift.swift; sourceTree = "<group>"; };
		122D6F6A26A83C0E00028418 /* SettingsViewController.swift.swift */ = {isa = PBXFileReference; fileEncoding = 4; lastKnownFileType = sourcecode.swift; path = SettingsViewController.swift.swift; sourceTree = "<group>"; };
		1248413825FB8A93009DBEB9 /* ClientManager.swift */ = {isa = PBXFileReference; lastKnownFileType = sourcecode.swift; path = ClientManager.swift; sourceTree = "<group>"; };
		127E728B26A5D0CF00737906 /* HomeViewController.swift */ = {isa = PBXFileReference; lastKnownFileType = sourcecode.swift; path = HomeViewController.swift; sourceTree = "<group>"; };
		127E728F26A5D60100737906 /* VTabBarItem.swift */ = {isa = PBXFileReference; lastKnownFileType = sourcecode.swift; path = VTabBarItem.swift; sourceTree = "<group>"; };
		1297BDDC2601227F00025D12 /* CreateConversationViewController.swift */ = {isa = PBXFileReference; lastKnownFileType = sourcecode.swift; path = CreateConversationViewController.swift; sourceTree = "<group>"; };
		1297BDDF260123AB00025D12 /* ListViewController.swift */ = {isa = PBXFileReference; lastKnownFileType = sourcecode.swift; path = ListViewController.swift; sourceTree = "<group>"; };
		1297BDE326026A4E00025D12 /* ChatViewController.swift */ = {isa = PBXFileReference; lastKnownFileType = sourcecode.swift; path = ChatViewController.swift; sourceTree = "<group>"; };
		12B778FE250FA8BE0081D8AF /* TheApp.app */ = {isa = PBXFileReference; explicitFileType = wrapper.application; includeInIndex = 0; path = TheApp.app; sourceTree = BUILT_PRODUCTS_DIR; };
		12B77901250FA8BE0081D8AF /* AppDelegate.swift */ = {isa = PBXFileReference; lastKnownFileType = sourcecode.swift; path = AppDelegate.swift; sourceTree = "<group>"; };
		12B77903250FA8BE0081D8AF /* SceneDelegate.swift */ = {isa = PBXFileReference; lastKnownFileType = sourcecode.swift; path = SceneDelegate.swift; sourceTree = "<group>"; };
		12B77905250FA8BE0081D8AF /* LoginViewController.swift */ = {isa = PBXFileReference; lastKnownFileType = sourcecode.swift; path = LoginViewController.swift; sourceTree = "<group>"; };
		12B7790A250FA8C10081D8AF /* Assets.xcassets */ = {isa = PBXFileReference; lastKnownFileType = folder.assetcatalog; path = Assets.xcassets; sourceTree = "<group>"; };
		12B7790D250FA8C10081D8AF /* Base */ = {isa = PBXFileReference; lastKnownFileType = file.storyboard; name = Base; path = Base.lproj/LaunchScreen.storyboard; sourceTree = "<group>"; };
		12B7790F250FA8C10081D8AF /* Info.plist */ = {isa = PBXFileReference; lastKnownFileType = text.plist.xml; path = Info.plist; sourceTree = "<group>"; };
		12D2385525FFE409004D1FC6 /* Extensions.swift */ = {isa = PBXFileReference; lastKnownFileType = sourcecode.swift; path = Extensions.swift; sourceTree = "<group>"; };
		12D2385825FFE42A004D1FC6 /* SpinnerView.swift */ = {isa = PBXFileReference; lastKnownFileType = sourcecode.swift; path = SpinnerView.swift; sourceTree = "<group>"; };
		12D2385F2600E6BD004D1FC6 /* VTextField.swift */ = {isa = PBXFileReference; lastKnownFileType = sourcecode.swift; path = VTextField.swift; sourceTree = "<group>"; };
		12D2386D2600F371004D1FC6 /* ConversationListViewController.swift */ = {isa = PBXFileReference; lastKnownFileType = sourcecode.swift; path = ConversationListViewController.swift; sourceTree = "<group>"; };
		12FABB3325FFBF9F00B61567 /* SignupViewController.swift */ = {isa = PBXFileReference; lastKnownFileType = sourcecode.swift; path = SignupViewController.swift; sourceTree = "<group>"; };
		61C588AC4C8E10B991F32309 /* Pods-TheApp.release.xcconfig */ = {isa = PBXFileReference; includeInIndex = 1; lastKnownFileType = text.xcconfig; name = "Pods-TheApp.release.xcconfig"; path = "Target Support Files/Pods-TheApp/Pods-TheApp.release.xcconfig"; sourceTree = "<group>"; };
		AFF66C2E8B6C7F1876623B97 /* Pods-TheApp.debug.xcconfig */ = {isa = PBXFileReference; includeInIndex = 1; lastKnownFileType = text.xcconfig; name = "Pods-TheApp.debug.xcconfig"; path = "Target Support Files/Pods-TheApp/Pods-TheApp.debug.xcconfig"; sourceTree = "<group>"; };
		EA80DEE4ED3F73D8F1D8F54E /* Pods_TheApp.framework */ = {isa = PBXFileReference; explicitFileType = wrapper.framework; includeInIndex = 0; path = Pods_TheApp.framework; sourceTree = BUILT_PRODUCTS_DIR; };
/* End PBXFileReference section */

/* Begin PBXFrameworksBuildPhase section */
		12B778FB250FA8BE0081D8AF /* Frameworks */ = {
			isa = PBXFrameworksBuildPhase;
			buildActionMask = 2147483647;
			files = (
				801DA66827ABF3D56EA9B62A /* Pods_TheApp.framework in Frameworks */,
			);
			runOnlyForDeploymentPostprocessing = 0;
		};
/* End PBXFrameworksBuildPhase section */

/* Begin PBXGroup section */
		12B778F5250FA8BE0081D8AF = {
			isa = PBXGroup;
			children = (
				12B77900250FA8BE0081D8AF /* TheApp */,
				12B778FF250FA8BE0081D8AF /* Products */,
				F272A9AD152B94CE2D876623 /* Pods */,
				99F8A77F36B2101A6F7104DF /* Frameworks */,
			);
			sourceTree = "<group>";
		};
		12B778FF250FA8BE0081D8AF /* Products */ = {
			isa = PBXGroup;
			children = (
				12B778FE250FA8BE0081D8AF /* TheApp.app */,
			);
			name = Products;
			sourceTree = "<group>";
		};
		12B77900250FA8BE0081D8AF /* TheApp */ = {
			isa = PBXGroup;
			children = (
				12D2385B2600E676004D1FC6 /* ViewControllers */,
				12D2385D2600E69E004D1FC6 /* Views */,
				12D238622600E6F5004D1FC6 /* Helpers */,
				12D238702600F3AF004D1FC6 /* Models */,
				12B77901250FA8BE0081D8AF /* AppDelegate.swift */,
				12B77903250FA8BE0081D8AF /* SceneDelegate.swift */,
				12B7790A250FA8C10081D8AF /* Assets.xcassets */,
				12B7790C250FA8C10081D8AF /* LaunchScreen.storyboard */,
				12B7790F250FA8C10081D8AF /* Info.plist */,
			);
			path = TheApp;
			sourceTree = "<group>";
		};
		12D2385B2600E676004D1FC6 /* ViewControllers */ = {
			isa = PBXGroup;
			children = (
				12B77905250FA8BE0081D8AF /* LoginViewController.swift */,
				12FABB3325FFBF9F00B61567 /* SignupViewController.swift */,
				1297BDE326026A4E00025D12 /* ChatViewController.swift */,
				12D2386D2600F371004D1FC6 /* ConversationListViewController.swift */,
				1297BDDC2601227F00025D12 /* CreateConversationViewController.swift */,
				1297BDDF260123AB00025D12 /* ListViewController.swift */,
				127E728B26A5D0CF00737906 /* HomeViewController.swift */,
				122D6F6926A83C0E00028418 /* ContactsViewController.swift.swift */,
				122D6F6A26A83C0E00028418 /* SettingsViewController.swift.swift */,
			);
			path = ViewControllers;
			sourceTree = "<group>";
		};
		12D2385D2600E69E004D1FC6 /* Views */ = {
			isa = PBXGroup;
			children = (
				12D2385825FFE42A004D1FC6 /* SpinnerView.swift */,
				12D2385F2600E6BD004D1FC6 /* VTextField.swift */,
			);
			name = Views;
			sourceTree = "<group>";
		};
		12D238622600E6F5004D1FC6 /* Helpers */ = {
			isa = PBXGroup;
			children = (
				121D9D9425FA772200C36658 /* RemoteLoader.swift */,
				12D2385525FFE409004D1FC6 /* Extensions.swift */,
			);
			path = Helpers;
			sourceTree = "<group>";
		};
		12D238702600F3AF004D1FC6 /* Models */ = {
			isa = PBXGroup;
			children = (
				1248413825FB8A93009DBEB9 /* ClientManager.swift */,
				121D9D9125FA764200C36658 /* Models.swift */,
				127E728F26A5D60100737906 /* VTabBarItem.swift */,
			);
			path = Models;
			sourceTree = "<group>";
		};
		99F8A77F36B2101A6F7104DF /* Frameworks */ = {
			isa = PBXGroup;
			children = (
				EA80DEE4ED3F73D8F1D8F54E /* Pods_TheApp.framework */,
			);
			name = Frameworks;
			sourceTree = "<group>";
		};
		F272A9AD152B94CE2D876623 /* Pods */ = {
			isa = PBXGroup;
			children = (
				AFF66C2E8B6C7F1876623B97 /* Pods-TheApp.debug.xcconfig */,
				61C588AC4C8E10B991F32309 /* Pods-TheApp.release.xcconfig */,
			);
			path = Pods;
			sourceTree = "<group>";
		};
/* End PBXGroup section */

/* Begin PBXNativeTarget section */
		12B778FD250FA8BE0081D8AF /* TheApp */ = {
			isa = PBXNativeTarget;
			buildConfigurationList = 12B77912250FA8C10081D8AF /* Build configuration list for PBXNativeTarget "TheApp" */;
			buildPhases = (
				8279577C1AF961B66FE94CFB /* [CP] Check Pods Manifest.lock */,
				12B778FA250FA8BE0081D8AF /* Sources */,
				12B778FB250FA8BE0081D8AF /* Frameworks */,
				12B778FC250FA8BE0081D8AF /* Resources */,
				86382339EC1221E692677D8F /* [CP] Embed Pods Frameworks */,
			);
			buildRules = (
			);
			dependencies = (
			);
			name = TheApp;
			productName = TheApp;
			productReference = 12B778FE250FA8BE0081D8AF /* TheApp.app */;
			productType = "com.apple.product-type.application";
		};
/* End PBXNativeTarget section */

/* Begin PBXProject section */
		12B778F6250FA8BE0081D8AF /* Project object */ = {
			isa = PBXProject;
			attributes = {
				LastSwiftUpdateCheck = 1150;
				LastUpgradeCheck = 1240;
				ORGANIZATIONNAME = Vonage;
				TargetAttributes = {
					12B778FD250FA8BE0081D8AF = {
						CreatedOnToolsVersion = 11.5;
					};
				};
			};
			buildConfigurationList = 12B778F9250FA8BE0081D8AF /* Build configuration list for PBXProject "TheApp" */;
			compatibilityVersion = "Xcode 9.3";
			developmentRegion = en;
			hasScannedForEncodings = 0;
			knownRegions = (
				en,
				Base,
			);
			mainGroup = 12B778F5250FA8BE0081D8AF;
			productRefGroup = 12B778FF250FA8BE0081D8AF /* Products */;
			projectDirPath = "";
			projectRoot = "";
			targets = (
				12B778FD250FA8BE0081D8AF /* TheApp */,
			);
		};
/* End PBXProject section */

/* Begin PBXResourcesBuildPhase section */
		12B778FC250FA8BE0081D8AF /* Resources */ = {
			isa = PBXResourcesBuildPhase;
			buildActionMask = 2147483647;
			files = (
				12B7790E250FA8C10081D8AF /* LaunchScreen.storyboard in Resources */,
				12B7790B250FA8C10081D8AF /* Assets.xcassets in Resources */,
			);
			runOnlyForDeploymentPostprocessing = 0;
		};
/* End PBXResourcesBuildPhase section */

/* Begin PBXShellScriptBuildPhase section */
		8279577C1AF961B66FE94CFB /* [CP] Check Pods Manifest.lock */ = {
			isa = PBXShellScriptBuildPhase;
			buildActionMask = 2147483647;
			files = (
			);
			inputFileListPaths = (
			);
			inputPaths = (
				"${PODS_PODFILE_DIR_PATH}/Podfile.lock",
				"${PODS_ROOT}/Manifest.lock",
			);
			name = "[CP] Check Pods Manifest.lock";
			outputFileListPaths = (
			);
			outputPaths = (
				"$(DERIVED_FILE_DIR)/Pods-TheApp-checkManifestLockResult.txt",
			);
			runOnlyForDeploymentPostprocessing = 0;
			shellPath = /bin/sh;
			shellScript = "diff \"${PODS_PODFILE_DIR_PATH}/Podfile.lock\" \"${PODS_ROOT}/Manifest.lock\" > /dev/null\nif [ $? != 0 ] ; then\n    # print error to STDERR\n    echo \"error: The sandbox is not in sync with the Podfile.lock. Run 'pod install' or update your CocoaPods installation.\" >&2\n    exit 1\nfi\n# This output is used by Xcode 'outputs' to avoid re-running this script phase.\necho \"SUCCESS\" > \"${SCRIPT_OUTPUT_FILE_0}\"\n";
			showEnvVarsInLog = 0;
		};
		86382339EC1221E692677D8F /* [CP] Embed Pods Frameworks */ = {
			isa = PBXShellScriptBuildPhase;
			buildActionMask = 2147483647;
			files = (
			);
			inputFileListPaths = (
				"${PODS_ROOT}/Target Support Files/Pods-TheApp/Pods-TheApp-frameworks-${CONFIGURATION}-input-files.xcfilelist",
			);
			name = "[CP] Embed Pods Frameworks";
			outputFileListPaths = (
				"${PODS_ROOT}/Target Support Files/Pods-TheApp/Pods-TheApp-frameworks-${CONFIGURATION}-output-files.xcfilelist",
			);
			runOnlyForDeploymentPostprocessing = 0;
			shellPath = /bin/sh;
			shellScript = "\"${PODS_ROOT}/Target Support Files/Pods-TheApp/Pods-TheApp-frameworks.sh\"\n";
			showEnvVarsInLog = 0;
		};
/* End PBXShellScriptBuildPhase section */

/* Begin PBXSourcesBuildPhase section */
		12B778FA250FA8BE0081D8AF /* Sources */ = {
			isa = PBXSourcesBuildPhase;
			buildActionMask = 2147483647;
			files = (
				12D238602600E6BD004D1FC6 /* VTextField.swift in Sources */,
				12B77906250FA8BE0081D8AF /* LoginViewController.swift in Sources */,
				12D2385625FFE409004D1FC6 /* Extensions.swift in Sources */,
				12B77902250FA8BE0081D8AF /* AppDelegate.swift in Sources */,
				12FABB3425FFBF9F00B61567 /* SignupViewController.swift in Sources */,
				127E728C26A5D0CF00737906 /* HomeViewController.swift in Sources */,
				127E729026A5D60100737906 /* VTabBarItem.swift in Sources */,
				1248413925FB8A93009DBEB9 /* ClientManager.swift in Sources */,
				1297BDE0260123AB00025D12 /* ListViewController.swift in Sources */,
				122D6F6B26A83C0E00028418 /* ContactsViewController.swift.swift in Sources */,
				122D6F6C26A83C0E00028418 /* SettingsViewController.swift.swift in Sources */,
				1297BDDD2601227F00025D12 /* CreateConversationViewController.swift in Sources */,
				12B77904250FA8BE0081D8AF /* SceneDelegate.swift in Sources */,
				12D2385925FFE42A004D1FC6 /* SpinnerView.swift in Sources */,
				12D2386E2600F371004D1FC6 /* ConversationListViewController.swift in Sources */,
				121D9D9525FA772200C36658 /* RemoteLoader.swift in Sources */,
				1297BDE426026A4E00025D12 /* ChatViewController.swift in Sources */,
				121D9D9225FA764200C36658 /* Models.swift in Sources */,
			);
			runOnlyForDeploymentPostprocessing = 0;
		};
/* End PBXSourcesBuildPhase section */

/* Begin PBXVariantGroup section */
		12B7790C250FA8C10081D8AF /* LaunchScreen.storyboard */ = {
			isa = PBXVariantGroup;
			children = (
				12B7790D250FA8C10081D8AF /* Base */,
			);
			name = LaunchScreen.storyboard;
			sourceTree = "<group>";
		};
/* End PBXVariantGroup section */

/* Begin XCBuildConfiguration section */
		12B77910250FA8C10081D8AF /* Debug */ = {
			isa = XCBuildConfiguration;
			buildSettings = {
				ALWAYS_SEARCH_USER_PATHS = NO;
				CLANG_ANALYZER_NONNULL = YES;
				CLANG_ANALYZER_NUMBER_OBJECT_CONVERSION = YES_AGGRESSIVE;
				CLANG_CXX_LANGUAGE_STANDARD = "gnu++14";
				CLANG_CXX_LIBRARY = "libc++";
				CLANG_ENABLE_MODULES = YES;
				CLANG_ENABLE_OBJC_ARC = YES;
				CLANG_ENABLE_OBJC_WEAK = YES;
				CLANG_WARN_BLOCK_CAPTURE_AUTORELEASING = YES;
				CLANG_WARN_BOOL_CONVERSION = YES;
				CLANG_WARN_COMMA = YES;
				CLANG_WARN_CONSTANT_CONVERSION = YES;
				CLANG_WARN_DEPRECATED_OBJC_IMPLEMENTATIONS = YES;
				CLANG_WARN_DIRECT_OBJC_ISA_USAGE = YES_ERROR;
				CLANG_WARN_DOCUMENTATION_COMMENTS = YES;
				CLANG_WARN_EMPTY_BODY = YES;
				CLANG_WARN_ENUM_CONVERSION = YES;
				CLANG_WARN_INFINITE_RECURSION = YES;
				CLANG_WARN_INT_CONVERSION = YES;
				CLANG_WARN_NON_LITERAL_NULL_CONVERSION = YES;
				CLANG_WARN_OBJC_IMPLICIT_RETAIN_SELF = YES;
				CLANG_WARN_OBJC_LITERAL_CONVERSION = YES;
				CLANG_WARN_OBJC_ROOT_CLASS = YES_ERROR;
				CLANG_WARN_QUOTED_INCLUDE_IN_FRAMEWORK_HEADER = YES;
				CLANG_WARN_RANGE_LOOP_ANALYSIS = YES;
				CLANG_WARN_STRICT_PROTOTYPES = YES;
				CLANG_WARN_SUSPICIOUS_MOVE = YES;
				CLANG_WARN_UNGUARDED_AVAILABILITY = YES_AGGRESSIVE;
				CLANG_WARN_UNREACHABLE_CODE = YES;
				CLANG_WARN__DUPLICATE_METHOD_MATCH = YES;
				COPY_PHASE_STRIP = NO;
				DEBUG_INFORMATION_FORMAT = dwarf;
				ENABLE_STRICT_OBJC_MSGSEND = YES;
				ENABLE_TESTABILITY = YES;
				GCC_C_LANGUAGE_STANDARD = gnu11;
				GCC_DYNAMIC_NO_PIC = NO;
				GCC_NO_COMMON_BLOCKS = YES;
				GCC_OPTIMIZATION_LEVEL = 0;
				GCC_PREPROCESSOR_DEFINITIONS = (
					"DEBUG=1",
					"$(inherited)",
				);
				GCC_WARN_64_TO_32_BIT_CONVERSION = YES;
				GCC_WARN_ABOUT_RETURN_TYPE = YES_ERROR;
				GCC_WARN_UNDECLARED_SELECTOR = YES;
				GCC_WARN_UNINITIALIZED_AUTOS = YES_AGGRESSIVE;
				GCC_WARN_UNUSED_FUNCTION = YES;
				GCC_WARN_UNUSED_VARIABLE = YES;
				IPHONEOS_DEPLOYMENT_TARGET = 13.5;
				MTL_ENABLE_DEBUG_INFO = INCLUDE_SOURCE;
				MTL_FAST_MATH = YES;
				ONLY_ACTIVE_ARCH = YES;
				SDKROOT = iphoneos;
				SWIFT_ACTIVE_COMPILATION_CONDITIONS = DEBUG;
				SWIFT_OPTIMIZATION_LEVEL = "-Onone";
			};
			name = Debug;
		};
		12B77911250FA8C10081D8AF /* Release */ = {
			isa = XCBuildConfiguration;
			buildSettings = {
				ALWAYS_SEARCH_USER_PATHS = NO;
				CLANG_ANALYZER_NONNULL = YES;
				CLANG_ANALYZER_NUMBER_OBJECT_CONVERSION = YES_AGGRESSIVE;
				CLANG_CXX_LANGUAGE_STANDARD = "gnu++14";
				CLANG_CXX_LIBRARY = "libc++";
				CLANG_ENABLE_MODULES = YES;
				CLANG_ENABLE_OBJC_ARC = YES;
				CLANG_ENABLE_OBJC_WEAK = YES;
				CLANG_WARN_BLOCK_CAPTURE_AUTORELEASING = YES;
				CLANG_WARN_BOOL_CONVERSION = YES;
				CLANG_WARN_COMMA = YES;
				CLANG_WARN_CONSTANT_CONVERSION = YES;
				CLANG_WARN_DEPRECATED_OBJC_IMPLEMENTATIONS = YES;
				CLANG_WARN_DIRECT_OBJC_ISA_USAGE = YES_ERROR;
				CLANG_WARN_DOCUMENTATION_COMMENTS = YES;
				CLANG_WARN_EMPTY_BODY = YES;
				CLANG_WARN_ENUM_CONVERSION = YES;
				CLANG_WARN_INFINITE_RECURSION = YES;
				CLANG_WARN_INT_CONVERSION = YES;
				CLANG_WARN_NON_LITERAL_NULL_CONVERSION = YES;
				CLANG_WARN_OBJC_IMPLICIT_RETAIN_SELF = YES;
				CLANG_WARN_OBJC_LITERAL_CONVERSION = YES;
				CLANG_WARN_OBJC_ROOT_CLASS = YES_ERROR;
				CLANG_WARN_QUOTED_INCLUDE_IN_FRAMEWORK_HEADER = YES;
				CLANG_WARN_RANGE_LOOP_ANALYSIS = YES;
				CLANG_WARN_STRICT_PROTOTYPES = YES;
				CLANG_WARN_SUSPICIOUS_MOVE = YES;
				CLANG_WARN_UNGUARDED_AVAILABILITY = YES_AGGRESSIVE;
				CLANG_WARN_UNREACHABLE_CODE = YES;
				CLANG_WARN__DUPLICATE_METHOD_MATCH = YES;
				COPY_PHASE_STRIP = NO;
				DEBUG_INFORMATION_FORMAT = "dwarf-with-dsym";
				ENABLE_NS_ASSERTIONS = NO;
				ENABLE_STRICT_OBJC_MSGSEND = YES;
				GCC_C_LANGUAGE_STANDARD = gnu11;
				GCC_NO_COMMON_BLOCKS = YES;
				GCC_WARN_64_TO_32_BIT_CONVERSION = YES;
				GCC_WARN_ABOUT_RETURN_TYPE = YES_ERROR;
				GCC_WARN_UNDECLARED_SELECTOR = YES;
				GCC_WARN_UNINITIALIZED_AUTOS = YES_AGGRESSIVE;
				GCC_WARN_UNUSED_FUNCTION = YES;
				GCC_WARN_UNUSED_VARIABLE = YES;
				IPHONEOS_DEPLOYMENT_TARGET = 13.5;
				MTL_ENABLE_DEBUG_INFO = NO;
				MTL_FAST_MATH = YES;
				SDKROOT = iphoneos;
				SWIFT_COMPILATION_MODE = wholemodule;
				SWIFT_OPTIMIZATION_LEVEL = "-O";
				VALIDATE_PRODUCT = YES;
			};
			name = Release;
		};
		12B77913250FA8C10081D8AF /* Debug */ = {
			isa = XCBuildConfiguration;
			baseConfigurationReference = AFF66C2E8B6C7F1876623B97 /* Pods-TheApp.debug.xcconfig */;
			buildSettings = {
				ASSETCATALOG_COMPILER_APPICON_NAME = AppIcon;
				CODE_SIGN_STYLE = Automatic;
				DEVELOPMENT_TEAM = 7F2B5ZSP8Q;
				INFOPLIST_FILE = TheApp/Info.plist;
				IPHONEOS_DEPLOYMENT_TARGET = 14.1;
				LD_RUNPATH_SEARCH_PATHS = (
					"$(inherited)",
					"@executable_path/Frameworks",
				);
				PRODUCT_BUNDLE_IDENTIFIER = com.vonage.TheApp;
				PRODUCT_NAME = "$(TARGET_NAME)";
				SWIFT_VERSION = 5.0;
				TARGETED_DEVICE_FAMILY = "1,2";
			};
			name = Debug;
		};
		12B77914250FA8C10081D8AF /* Release */ = {
			isa = XCBuildConfiguration;
			baseConfigurationReference = 61C588AC4C8E10B991F32309 /* Pods-TheApp.release.xcconfig */;
			buildSettings = {
				ASSETCATALOG_COMPILER_APPICON_NAME = AppIcon;
				CODE_SIGN_STYLE = Automatic;
				DEVELOPMENT_TEAM = 7F2B5ZSP8Q;
				INFOPLIST_FILE = TheApp/Info.plist;
				IPHONEOS_DEPLOYMENT_TARGET = 14.1;
				LD_RUNPATH_SEARCH_PATHS = (
					"$(inherited)",
					"@executable_path/Frameworks",
				);
				PRODUCT_BUNDLE_IDENTIFIER = com.vonage.TheApp;
				PRODUCT_NAME = "$(TARGET_NAME)";
				SWIFT_VERSION = 5.0;
				TARGETED_DEVICE_FAMILY = "1,2";
			};
			name = Release;
		};
/* End XCBuildConfiguration section */

/* Begin XCConfigurationList section */
		12B778F9250FA8BE0081D8AF /* Build configuration list for PBXProject "TheApp" */ = {
			isa = XCConfigurationList;
			buildConfigurations = (
				12B77910250FA8C10081D8AF /* Debug */,
				12B77911250FA8C10081D8AF /* Release */,
			);
			defaultConfigurationIsVisible = 0;
			defaultConfigurationName = Release;
		};
		12B77912250FA8C10081D8AF /* Build configuration list for PBXNativeTarget "TheApp" */ = {
			isa = XCConfigurationList;
			buildConfigurations = (
				12B77913250FA8C10081D8AF /* Debug */,
				12B77914250FA8C10081D8AF /* Release */,
			);
			defaultConfigurationIsVisible = 0;
			defaultConfigurationName = Release;
		};
/* End XCConfigurationList section */
	};
	rootObject = 12B778F6250FA8BE0081D8AF /* Project object */;
}
